
Microsoft Visual Studio Solution File, Format Version 12.00
# Visual Studio 15
VisualStudioVersion = 15.0.27703.2000
MinimumVisualStudioVersion = 10.0.40219.1
Project("{FAE04EC0-301F-11D3-BF4B-00C04F79EFBC}") = "City.API", "City.API\City.API.csproj", "{D5209D4C-ED8B-42EB-A05F-33AC5938CDEF}"
EndProject
Global
	GlobalSection(SolutionConfigurationPlatforms) = preSolution
		Debug|Any CPU = Debug|Any CPU
		Release|Any CPU = Release|Any CPU
	EndGlobalSection
	GlobalSection(ProjectConfigurationPlatforms) = postSolution
		{D5209D4C-ED8B-42EB-A05F-33AC5938CDEF}.Debug|Any CPU.ActiveCfg = Debug|Any CPU
		{D5209D4C-ED8B-42EB-A05F-33AC5938CDEF}.Debug|Any CPU.Build.0 = Debug|Any CPU
		{D5209D4C-ED8B-42EB-A05F-33AC5938CDEF}.Release|Any CPU.ActiveCfg = Release|Any CPU
		{D5209D4C-ED8B-42EB-A05F-33AC5938CDEF}.Release|Any CPU.Build.0 = Release|Any CPU
	EndGlobalSection
	GlobalSection(SolutionProperties) = preSolution
		HideSolutionNode = FALSE
	EndGlobalSection
	GlobalSection(ExtensibilityGlobals) = postSolution
		SolutionGuid = {F7AC5DC4-7276-420B-A87B-8C1F34C6482C}
	EndGlobalSection
EndGlobal
